
Microsoft Visual Studio Solution File, Format Version 12.00
# Visual Studio Version 17
VisualStudioVersion = 17.1.32328.378
MinimumVisualStudioVersion = 10.0.40219.1
Project("{FAE04EC0-301F-11D3-BF4B-00C04F79EFBC}") = "Async Inn", "Async Inn\Async Inn.csproj", "{AC218906-0CE1-427D-B8F5-B19E63FE6BFC}"
EndProject
Global
	GlobalSection(SolutionConfigurationPlatforms) = preSolution
		Debug|Any CPU = Debug|Any CPU
		Release|Any CPU = Release|Any CPU
	EndGlobalSection
	GlobalSection(ProjectConfigurationPlatforms) = postSolution
		{AC218906-0CE1-427D-B8F5-B19E63FE6BFC}.Debug|Any CPU.ActiveCfg = Debug|Any CPU
		{AC218906-0CE1-427D-B8F5-B19E63FE6BFC}.Debug|Any CPU.Build.0 = Debug|Any CPU
		{AC218906-0CE1-427D-B8F5-B19E63FE6BFC}.Release|Any CPU.ActiveCfg = Release|Any CPU
		{AC218906-0CE1-427D-B8F5-B19E63FE6BFC}.Release|Any CPU.Build.0 = Release|Any CPU
	EndGlobalSection
	GlobalSection(SolutionProperties) = preSolution
		HideSolutionNode = FALSE
	EndGlobalSection
	GlobalSection(ExtensibilityGlobals) = postSolution
		SolutionGuid = {40B44458-E28D-43DF-96E3-705B037E529C}
	EndGlobalSection
EndGlobal
